
Microsoft Visual Studio Solution File, Format Version 12.00
# Visual Studio Version 17
VisualStudioVersion = 17.2.32630.192
MinimumVisualStudioVersion = 10.0.40219.1
Project("{FAE04EC0-301F-11D3-BF4B-00C04F79EFBC}") = "SalesWeb Mvc", "SalesWeb Mvc\SalesWeb Mvc.csproj", "{DA9954D5-BA08-4572-A3B5-AF7300B3C2CF}"
EndProject
Global
	GlobalSection(SolutionConfigurationPlatforms) = preSolution
		Debug|Any CPU = Debug|Any CPU
		Release|Any CPU = Release|Any CPU
	EndGlobalSection
	GlobalSection(ProjectConfigurationPlatforms) = postSolution
		{DA9954D5-BA08-4572-A3B5-AF7300B3C2CF}.Debug|Any CPU.ActiveCfg = Debug|Any CPU
		{DA9954D5-BA08-4572-A3B5-AF7300B3C2CF}.Debug|Any CPU.Build.0 = Debug|Any CPU
		{DA9954D5-BA08-4572-A3B5-AF7300B3C2CF}.Release|Any CPU.ActiveCfg = Release|Any CPU
		{DA9954D5-BA08-4572-A3B5-AF7300B3C2CF}.Release|Any CPU.Build.0 = Release|Any CPU
	EndGlobalSection
	GlobalSection(SolutionProperties) = preSolution
		HideSolutionNode = FALSE
	EndGlobalSection
	GlobalSection(ExtensibilityGlobals) = postSolution
		SolutionGuid = {58CCA4CB-1A04-4F0F-98EB-531E6DF5D3A3}
	EndGlobalSection
EndGlobal
